
Microsoft Visual Studio Solution File, Format Version 12.00
# Visual Studio Version 16
VisualStudioVersion = 16.0.31025.194
MinimumVisualStudioVersion = 10.0.40219.1
Project("{9A19103F-16F7-4668-BE54-9A1E7A4F7556}") = "Fridge.Model", "..\Fridge.Model\Fridge.Model.csproj", "{9C29276A-C6C5-458E-8500-F40A9A006990}"
EndProject
Project("{9A19103F-16F7-4668-BE54-9A1E7A4F7556}") = "Fridge.DynamoDb", "Fridge.DynamoDb\Fridge.DynamoDb.csproj", "{7194D143-1D93-4138-BE25-359E59082DCA}"
EndProject
Project("{9A19103F-16F7-4668-BE54-9A1E7A4F7556}") = "DynamoDbTst", "DynamoDbTst\DynamoDbTst.csproj", "{ADB7C138-768C-4F7F-98B7-996BBAB8C349}"
EndProject
Project("{9A19103F-16F7-4668-BE54-9A1E7A4F7556}") = "Fridge.Diagnostics", "..\Fridge.Diagnostics\Fridge.Diagnostics.csproj", "{622D599A-7BCD-43C2-841B-70380E6AF5FB}"
EndProject
Global
	GlobalSection(SolutionConfigurationPlatforms) = preSolution
		Debug|Any CPU = Debug|Any CPU
		Release|Any CPU = Release|Any CPU
	EndGlobalSection
	GlobalSection(ProjectConfigurationPlatforms) = postSolution
		{9C29276A-C6C5-458E-8500-F40A9A006990}.Debug|Any CPU.ActiveCfg = Debug|Any CPU
		{9C29276A-C6C5-458E-8500-F40A9A006990}.Debug|Any CPU.Build.0 = Debug|Any CPU
		{9C29276A-C6C5-458E-8500-F40A9A006990}.Release|Any CPU.ActiveCfg = Release|Any CPU
		{9C29276A-C6C5-458E-8500-F40A9A006990}.Release|Any CPU.Build.0 = Release|Any CPU
		{7194D143-1D93-4138-BE25-359E59082DCA}.Debug|Any CPU.ActiveCfg = Debug|Any CPU
		{7194D143-1D93-4138-BE25-359E59082DCA}.Debug|Any CPU.Build.0 = Debug|Any CPU
		{7194D143-1D93-4138-BE25-359E59082DCA}.Release|Any CPU.ActiveCfg = Release|Any CPU
		{7194D143-1D93-4138-BE25-359E59082DCA}.Release|Any CPU.Build.0 = Release|Any CPU
		{ADB7C138-768C-4F7F-98B7-996BBAB8C349}.Debug|Any CPU.ActiveCfg = Debug|Any CPU
		{ADB7C138-768C-4F7F-98B7-996BBAB8C349}.Debug|Any CPU.Build.0 = Debug|Any CPU
		{ADB7C138-768C-4F7F-98B7-996BBAB8C349}.Release|Any CPU.ActiveCfg = Release|Any CPU
		{ADB7C138-768C-4F7F-98B7-996BBAB8C349}.Release|Any CPU.Build.0 = Release|Any CPU
		{622D599A-7BCD-43C2-841B-70380E6AF5FB}.Debug|Any CPU.ActiveCfg = Debug|Any CPU
		{622D599A-7BCD-43C2-841B-70380E6AF5FB}.Debug|Any CPU.Build.0 = Debug|Any CPU
		{622D599A-7BCD-43C2-841B-70380E6AF5FB}.Release|Any CPU.ActiveCfg = Release|Any CPU
		{622D599A-7BCD-43C2-841B-70380E6AF5FB}.Release|Any CPU.Build.0 = Release|Any CPU
	EndGlobalSection
	GlobalSection(SolutionProperties) = preSolution
		HideSolutionNode = FALSE
	EndGlobalSection
	GlobalSection(ExtensibilityGlobals) = postSolution
		SolutionGuid = {2A887FE3-5A34-4CE5-B1B2-31797049BC74}
	EndGlobalSection
EndGlobal
