
Microsoft Visual Studio Solution File, Format Version 12.00
# Visual Studio Version 16
VisualStudioVersion = 16.0.30804.86
MinimumVisualStudioVersion = 10.0.40219.1
Project("{9A19103F-16F7-4668-BE54-9A1E7A4F7556}") = "FridgeApp", "src\FridgeApp\FridgeApp.csproj", "{4B8A67AC-F7BB-4276-BF32-4575DE5A0C2C}"
EndProject
Project("{FAE04EC0-301F-11D3-BF4B-00C04F79EFBC}") = "FridgeApp.Android", "src\FridgeApp.Android\FridgeApp.Android.csproj", "{040BBC59-D1C7-4873-B274-6DE3EF68B590}"
EndProject
Project("{9A19103F-16F7-4668-BE54-9A1E7A4F7556}") = "Fridge.Model", "src\Fridge.Model\Fridge.Model.csproj", "{8A0E86C5-0120-422D-A272-69B000E7FD62}"
EndProject
Project("{9A19103F-16F7-4668-BE54-9A1E7A4F7556}") = "UT_FridgeApp", "src\UT_FridgeApp\UT_FridgeApp.csproj", "{8F42D5B4-1E75-47EB-9652-91FD1174CF50}"
EndProject
Project("{9A19103F-16F7-4668-BE54-9A1E7A4F7556}") = "Fridge.Repository", "src\Fridge.Repository\Fridge.Repository.csproj", "{9DBC335E-A409-4B2C-95F7-B54E6AB186C4}"
EndProject
Project("{9A19103F-16F7-4668-BE54-9A1E7A4F7556}") = "UT_Fridge.Repository", "src\UT_Fridge.Repository\UT_Fridge.Repository.csproj", "{80325937-9E08-4E89-8748-542047BD40A0}"
EndProject
Project("{9A19103F-16F7-4668-BE54-9A1E7A4F7556}") = "Fridge.Diagnostics", "src\Fridge.Diagnostics\Fridge.Diagnostics.csproj", "{51276452-E6CA-40E3-9B07-768181426872}"
EndProject
Global
	GlobalSection(SolutionConfigurationPlatforms) = preSolution
		Debug|Any CPU = Debug|Any CPU
		Release|Any CPU = Release|Any CPU
	EndGlobalSection
	GlobalSection(ProjectConfigurationPlatforms) = postSolution
		{4B8A67AC-F7BB-4276-BF32-4575DE5A0C2C}.Debug|Any CPU.ActiveCfg = Debug|Any CPU
		{4B8A67AC-F7BB-4276-BF32-4575DE5A0C2C}.Debug|Any CPU.Build.0 = Debug|Any CPU
		{4B8A67AC-F7BB-4276-BF32-4575DE5A0C2C}.Release|Any CPU.ActiveCfg = Release|Any CPU
		{4B8A67AC-F7BB-4276-BF32-4575DE5A0C2C}.Release|Any CPU.Build.0 = Release|Any CPU
		{040BBC59-D1C7-4873-B274-6DE3EF68B590}.Debug|Any CPU.ActiveCfg = Debug|Any CPU
		{040BBC59-D1C7-4873-B274-6DE3EF68B590}.Debug|Any CPU.Build.0 = Debug|Any CPU
		{040BBC59-D1C7-4873-B274-6DE3EF68B590}.Debug|Any CPU.Deploy.0 = Debug|Any CPU
		{040BBC59-D1C7-4873-B274-6DE3EF68B590}.Release|Any CPU.ActiveCfg = Release|Any CPU
		{040BBC59-D1C7-4873-B274-6DE3EF68B590}.Release|Any CPU.Build.0 = Release|Any CPU
		{040BBC59-D1C7-4873-B274-6DE3EF68B590}.Release|Any CPU.Deploy.0 = Release|Any CPU
		{8A0E86C5-0120-422D-A272-69B000E7FD62}.Debug|Any CPU.ActiveCfg = Debug|Any CPU
		{8A0E86C5-0120-422D-A272-69B000E7FD62}.Debug|Any CPU.Build.0 = Debug|Any CPU
		{8A0E86C5-0120-422D-A272-69B000E7FD62}.Release|Any CPU.ActiveCfg = Release|Any CPU
		{8A0E86C5-0120-422D-A272-69B000E7FD62}.Release|Any CPU.Build.0 = Release|Any CPU
		{8F42D5B4-1E75-47EB-9652-91FD1174CF50}.Debug|Any CPU.ActiveCfg = Debug|Any CPU
		{8F42D5B4-1E75-47EB-9652-91FD1174CF50}.Debug|Any CPU.Build.0 = Debug|Any CPU
		{8F42D5B4-1E75-47EB-9652-91FD1174CF50}.Release|Any CPU.ActiveCfg = Release|Any CPU
		{8F42D5B4-1E75-47EB-9652-91FD1174CF50}.Release|Any CPU.Build.0 = Release|Any CPU
		{9DBC335E-A409-4B2C-95F7-B54E6AB186C4}.Debug|Any CPU.ActiveCfg = Debug|Any CPU
		{9DBC335E-A409-4B2C-95F7-B54E6AB186C4}.Debug|Any CPU.Build.0 = Debug|Any CPU
		{9DBC335E-A409-4B2C-95F7-B54E6AB186C4}.Release|Any CPU.ActiveCfg = Release|Any CPU
		{9DBC335E-A409-4B2C-95F7-B54E6AB186C4}.Release|Any CPU.Build.0 = Release|Any CPU
		{80325937-9E08-4E89-8748-542047BD40A0}.Debug|Any CPU.ActiveCfg = Debug|Any CPU
		{80325937-9E08-4E89-8748-542047BD40A0}.Debug|Any CPU.Build.0 = Debug|Any CPU
		{80325937-9E08-4E89-8748-542047BD40A0}.Release|Any CPU.ActiveCfg = Release|Any CPU
		{80325937-9E08-4E89-8748-542047BD40A0}.Release|Any CPU.Build.0 = Release|Any CPU
		{51276452-E6CA-40E3-9B07-768181426872}.Debug|Any CPU.ActiveCfg = Debug|Any CPU
		{51276452-E6CA-40E3-9B07-768181426872}.Debug|Any CPU.Build.0 = Debug|Any CPU
		{51276452-E6CA-40E3-9B07-768181426872}.Release|Any CPU.ActiveCfg = Release|Any CPU
		{51276452-E6CA-40E3-9B07-768181426872}.Release|Any CPU.Build.0 = Release|Any CPU
	EndGlobalSection
	GlobalSection(SolutionProperties) = preSolution
		HideSolutionNode = FALSE
	EndGlobalSection
	GlobalSection(ExtensibilityGlobals) = postSolution
		SolutionGuid = {A2342FE8-9D42-45A4-9867-941638EADEA0}
	EndGlobalSection
EndGlobal
