
Microsoft Visual Studio Solution File, Format Version 12.00
# Visual Studio Version 16
VisualStudioVersion = 16.0.31025.194
MinimumVisualStudioVersion = 10.0.40219.1
Project("{9A19103F-16F7-4668-BE54-9A1E7A4F7556}") = "Fridge.Auth", "src\auth\Fridge.Auth\Fridge.Auth.csproj", "{941A0319-2C5C-43BA-B1A8-3583BAE47612}"
EndProject
Project("{9A19103F-16F7-4668-BE54-9A1E7A4F7556}") = "Fridge.Model", "src\Fridge.Model\Fridge.Model.csproj", "{778DACFE-F929-400F-95D2-FB0887BD951E}"
EndProject
Global
	GlobalSection(SolutionConfigurationPlatforms) = preSolution
		Debug|Any CPU = Debug|Any CPU
		Release|Any CPU = Release|Any CPU
	EndGlobalSection
	GlobalSection(ProjectConfigurationPlatforms) = postSolution
		{941A0319-2C5C-43BA-B1A8-3583BAE47612}.Debug|Any CPU.ActiveCfg = Debug|Any CPU
		{941A0319-2C5C-43BA-B1A8-3583BAE47612}.Debug|Any CPU.Build.0 = Debug|Any CPU
		{941A0319-2C5C-43BA-B1A8-3583BAE47612}.Release|Any CPU.ActiveCfg = Release|Any CPU
		{941A0319-2C5C-43BA-B1A8-3583BAE47612}.Release|Any CPU.Build.0 = Release|Any CPU
		{778DACFE-F929-400F-95D2-FB0887BD951E}.Debug|Any CPU.ActiveCfg = Debug|Any CPU
		{778DACFE-F929-400F-95D2-FB0887BD951E}.Debug|Any CPU.Build.0 = Debug|Any CPU
		{778DACFE-F929-400F-95D2-FB0887BD951E}.Release|Any CPU.ActiveCfg = Release|Any CPU
		{778DACFE-F929-400F-95D2-FB0887BD951E}.Release|Any CPU.Build.0 = Release|Any CPU
	EndGlobalSection
	GlobalSection(SolutionProperties) = preSolution
		HideSolutionNode = FALSE
	EndGlobalSection
	GlobalSection(ExtensibilityGlobals) = postSolution
		SolutionGuid = {A3E09E19-7CE7-40CA-94F4-BE64F1134737}
	EndGlobalSection
EndGlobal
