
Microsoft Visual Studio Solution File, Format Version 12.00
# Visual Studio Version 16
VisualStudioVersion = 16.0.30804.86
MinimumVisualStudioVersion = 10.0.40219.1
Project("{9A19103F-16F7-4668-BE54-9A1E7A4F7556}") = "FridgeApp", "src\FridgeApp\FridgeApp.csproj", "{4B8A67AC-F7BB-4276-BF32-4575DE5A0C2C}"
EndProject
Project("{9A19103F-16F7-4668-BE54-9A1E7A4F7556}") = "Fridge.Model", "src\Fridge.Model\Fridge.Model.csproj", "{8A0E86C5-0120-422D-A272-69B000E7FD62}"
EndProject
Project("{9A19103F-16F7-4668-BE54-9A1E7A4F7556}") = "UT_FridgeApp", "src\UT_FridgeApp\UT_FridgeApp.csproj", "{8F42D5B4-1E75-47EB-9652-91FD1174CF50}"
EndProject
Project("{9A19103F-16F7-4668-BE54-9A1E7A4F7556}") = "Fridge.Repository", "src\Fridge.Repository\Fridge.Repository.csproj", "{D59C4E09-2292-417A-BB7D-24D867AF68D1}"
EndProject
Project("{9A19103F-16F7-4668-BE54-9A1E7A4F7556}") = "UT_Fridge.Repository", "src\UT_Fridge.Repository\UT_Fridge.Repository.csproj", "{2F1BBDDA-4FBE-46A3-BD32-E5BC881B046F}"
EndProject
Global
	GlobalSection(SolutionConfigurationPlatforms) = preSolution
		Debug|Any CPU = Debug|Any CPU
		Release|Any CPU = Release|Any CPU
	EndGlobalSection
	GlobalSection(ProjectConfigurationPlatforms) = postSolution
		{4B8A67AC-F7BB-4276-BF32-4575DE5A0C2C}.Debug|Any CPU.ActiveCfg = Debug|Any CPU
		{4B8A67AC-F7BB-4276-BF32-4575DE5A0C2C}.Debug|Any CPU.Build.0 = Debug|Any CPU
		{4B8A67AC-F7BB-4276-BF32-4575DE5A0C2C}.Release|Any CPU.ActiveCfg = Release|Any CPU
		{4B8A67AC-F7BB-4276-BF32-4575DE5A0C2C}.Release|Any CPU.Build.0 = Release|Any CPU
		{8A0E86C5-0120-422D-A272-69B000E7FD62}.Debug|Any CPU.ActiveCfg = Debug|Any CPU
		{8A0E86C5-0120-422D-A272-69B000E7FD62}.Debug|Any CPU.Build.0 = Debug|Any CPU
		{8A0E86C5-0120-422D-A272-69B000E7FD62}.Release|Any CPU.ActiveCfg = Release|Any CPU
		{8A0E86C5-0120-422D-A272-69B000E7FD62}.Release|Any CPU.Build.0 = Release|Any CPU
		{8F42D5B4-1E75-47EB-9652-91FD1174CF50}.Debug|Any CPU.ActiveCfg = Debug|Any CPU
		{8F42D5B4-1E75-47EB-9652-91FD1174CF50}.Debug|Any CPU.Build.0 = Debug|Any CPU
		{8F42D5B4-1E75-47EB-9652-91FD1174CF50}.Release|Any CPU.ActiveCfg = Release|Any CPU
		{8F42D5B4-1E75-47EB-9652-91FD1174CF50}.Release|Any CPU.Build.0 = Release|Any CPU
		{D59C4E09-2292-417A-BB7D-24D867AF68D1}.Debug|Any CPU.ActiveCfg = Debug|Any CPU
		{D59C4E09-2292-417A-BB7D-24D867AF68D1}.Debug|Any CPU.Build.0 = Debug|Any CPU
		{D59C4E09-2292-417A-BB7D-24D867AF68D1}.Release|Any CPU.ActiveCfg = Release|Any CPU
		{D59C4E09-2292-417A-BB7D-24D867AF68D1}.Release|Any CPU.Build.0 = Release|Any CPU
		{2F1BBDDA-4FBE-46A3-BD32-E5BC881B046F}.Debug|Any CPU.ActiveCfg = Debug|Any CPU
		{2F1BBDDA-4FBE-46A3-BD32-E5BC881B046F}.Debug|Any CPU.Build.0 = Debug|Any CPU
		{2F1BBDDA-4FBE-46A3-BD32-E5BC881B046F}.Release|Any CPU.ActiveCfg = Release|Any CPU
		{2F1BBDDA-4FBE-46A3-BD32-E5BC881B046F}.Release|Any CPU.Build.0 = Release|Any CPU
	EndGlobalSection
	GlobalSection(SolutionProperties) = preSolution
		HideSolutionNode = FALSE
	EndGlobalSection
	GlobalSection(ExtensibilityGlobals) = postSolution
		SolutionGuid = {A2342FE8-9D42-45A4-9867-941638EADEA0}
	EndGlobalSection
EndGlobal
