
Microsoft Visual Studio Solution File, Format Version 12.00
# Visual Studio Version 16
VisualStudioVersion = 16.0.31025.194
MinimumVisualStudioVersion = 10.0.40219.1
Project("{9A19103F-16F7-4668-BE54-9A1E7A4F7556}") = "MvcAuthTst", "MvcAuthTst.csproj", "{8EC9BF9C-D715-4B1E-AF20-4BE97E7BCBB6}"
EndProject
Global
	GlobalSection(SolutionConfigurationPlatforms) = preSolution
		Debug|Any CPU = Debug|Any CPU
		Release|Any CPU = Release|Any CPU
	EndGlobalSection
	GlobalSection(ProjectConfigurationPlatforms) = postSolution
		{8EC9BF9C-D715-4B1E-AF20-4BE97E7BCBB6}.Debug|Any CPU.ActiveCfg = Debug|Any CPU
		{8EC9BF9C-D715-4B1E-AF20-4BE97E7BCBB6}.Debug|Any CPU.Build.0 = Debug|Any CPU
		{8EC9BF9C-D715-4B1E-AF20-4BE97E7BCBB6}.Release|Any CPU.ActiveCfg = Release|Any CPU
		{8EC9BF9C-D715-4B1E-AF20-4BE97E7BCBB6}.Release|Any CPU.Build.0 = Release|Any CPU
	EndGlobalSection
	GlobalSection(SolutionProperties) = preSolution
		HideSolutionNode = FALSE
	EndGlobalSection
	GlobalSection(ExtensibilityGlobals) = postSolution
		SolutionGuid = {0EB8FC50-5B29-4D06-9E73-05F2001C80EC}
	EndGlobalSection
EndGlobal
