
Microsoft Visual Studio Solution File, Format Version 12.00
# Visual Studio Version 16
VisualStudioVersion = 16.0.31025.194
MinimumVisualStudioVersion = 10.0.40219.1
Project("{9A19103F-16F7-4668-BE54-9A1E7A4F7556}") = "DynamoDbTst", "DynamoDbTst.csproj", "{F15362E1-492D-4DD0-8C3B-510E6B74F7CE}"
EndProject
Project("{9A19103F-16F7-4668-BE54-9A1E7A4F7556}") = "Fridge.DynamoDb", "..\Fridge.DynamoDb\Fridge.DynamoDb.csproj", "{87799E23-1D54-464C-BEE8-5C8A2FD10FCF}"
EndProject
Project("{9A19103F-16F7-4668-BE54-9A1E7A4F7556}") = "Fridge.Model", "..\..\Fridge.Model\Fridge.Model.csproj", "{D1C24E99-F06B-468B-8234-F734CB11975C}"
EndProject
Global
	GlobalSection(SolutionConfigurationPlatforms) = preSolution
		Debug|Any CPU = Debug|Any CPU
		Release|Any CPU = Release|Any CPU
	EndGlobalSection
	GlobalSection(ProjectConfigurationPlatforms) = postSolution
		{F15362E1-492D-4DD0-8C3B-510E6B74F7CE}.Debug|Any CPU.ActiveCfg = Debug|Any CPU
		{F15362E1-492D-4DD0-8C3B-510E6B74F7CE}.Debug|Any CPU.Build.0 = Debug|Any CPU
		{F15362E1-492D-4DD0-8C3B-510E6B74F7CE}.Release|Any CPU.ActiveCfg = Release|Any CPU
		{F15362E1-492D-4DD0-8C3B-510E6B74F7CE}.Release|Any CPU.Build.0 = Release|Any CPU
		{87799E23-1D54-464C-BEE8-5C8A2FD10FCF}.Debug|Any CPU.ActiveCfg = Debug|Any CPU
		{87799E23-1D54-464C-BEE8-5C8A2FD10FCF}.Debug|Any CPU.Build.0 = Debug|Any CPU
		{87799E23-1D54-464C-BEE8-5C8A2FD10FCF}.Release|Any CPU.ActiveCfg = Release|Any CPU
		{87799E23-1D54-464C-BEE8-5C8A2FD10FCF}.Release|Any CPU.Build.0 = Release|Any CPU
		{D1C24E99-F06B-468B-8234-F734CB11975C}.Debug|Any CPU.ActiveCfg = Debug|Any CPU
		{D1C24E99-F06B-468B-8234-F734CB11975C}.Debug|Any CPU.Build.0 = Debug|Any CPU
		{D1C24E99-F06B-468B-8234-F734CB11975C}.Release|Any CPU.ActiveCfg = Release|Any CPU
		{D1C24E99-F06B-468B-8234-F734CB11975C}.Release|Any CPU.Build.0 = Release|Any CPU
	EndGlobalSection
	GlobalSection(SolutionProperties) = preSolution
		HideSolutionNode = FALSE
	EndGlobalSection
	GlobalSection(ExtensibilityGlobals) = postSolution
		SolutionGuid = {2A887FE3-5A34-4CE5-B1B2-31797049BC74}
	EndGlobalSection
EndGlobal
